// !$*UTF8*$!
{
	archiveVersion = 1;
	classes = {
	};
	objectVersion = 45;
	objects = {

/* Begin PBXBuildFile section */
		1D3623260D0F684500981E51 /* IGTiledViewAppDelegate.m in Sources */ = {isa = PBXBuildFile; fileRef = 1D3623250D0F684500981E51 /* IGTiledViewAppDelegate.m */; };
		1D60589B0D05DD56006BFB54 /* main.m in Sources */ = {isa = PBXBuildFile; fileRef = 29B97316FDCFA39411CA2CEA /* main.m */; };
		1D60589F0D05DD5A006BFB54 /* Foundation.framework in Frameworks */ = {isa = PBXBuildFile; fileRef = 1D30AB110D05D00D00671497 /* Foundation.framework */; };
		1DF5F4E00D08C38300B7A737 /* UIKit.framework in Frameworks */ = {isa = PBXBuildFile; fileRef = 1DF5F4DF0D08C38300B7A737 /* UIKit.framework */; };
		288765FD0DF74451002DB57D /* CoreGraphics.framework in Frameworks */ = {isa = PBXBuildFile; fileRef = 288765FC0DF74451002DB57D /* CoreGraphics.framework */; };
		28AD733F0D9D9553002E5188 /* MainWindow.xib in Resources */ = {isa = PBXBuildFile; fileRef = 28AD733E0D9D9553002E5188 /* MainWindow.xib */; };
		4C31D4E6116FD971003CC870 /* DTGridView.m in Sources */ = {isa = PBXBuildFile; fileRef = 4C31D4E0116FD971003CC870 /* DTGridView.m */; };
		4C31D4E7116FD971003CC870 /* DTGridViewCell.m in Sources */ = {isa = PBXBuildFile; fileRef = 4C31D4E2116FD971003CC870 /* DTGridViewCell.m */; };
		4C31D4E8116FD971003CC870 /* DTGridViewController.m in Sources */ = {isa = PBXBuildFile; fileRef = 4C31D4E5116FD971003CC870 /* DTGridViewController.m */; };
		4C31D4ED116FD9DB003CC870 /* ExampleViewController.m in Sources */ = {isa = PBXBuildFile; fileRef = 4C31D4EC116FD9DB003CC870 /* ExampleViewController.m */; };
		4C31D540116FE670003CC870 /* DTGridViewCellInfo.m in Sources */ = {isa = PBXBuildFile; fileRef = 4C31D53F116FE670003CC870 /* DTGridViewCellInfo.m */; };
		4C31D587116FED25003CC870 /* IGTiledViewController.m in Sources */ = {isa = PBXBuildFile; fileRef = 4C31D586116FED25003CC870 /* IGTiledViewController.m */; };
		4C31D58E116FED6E003CC870 /* IGTiledView.m in Sources */ = {isa = PBXBuildFile; fileRef = 4C31D58D116FED6E003CC870 /* IGTiledView.m */; };
		4C31D5E8116FF5AC003CC870 /* IGTile.m in Sources */ = {isa = PBXBuildFile; fileRef = 4C31D5E7116FF5AC003CC870 /* IGTile.m */; };
		4C82265A1176A30E0078A3F1 /* QuartzCore.framework in Frameworks */ = {isa = PBXBuildFile; fileRef = 4C8226591176A30E0078A3F1 /* QuartzCore.framework */; };
/* End PBXBuildFile section */

/* Begin PBXFileReference section */
		1D30AB110D05D00D00671497 /* Foundation.framework */ = {isa = PBXFileReference; lastKnownFileType = wrapper.framework; name = Foundation.framework; path = System/Library/Frameworks/Foundation.framework; sourceTree = SDKROOT; };
		1D3623240D0F684500981E51 /* IGTiledViewAppDelegate.h */ = {isa = PBXFileReference; fileEncoding = 4; lastKnownFileType = sourcecode.c.h; path = IGTiledViewAppDelegate.h; sourceTree = "<group>"; };
		1D3623250D0F684500981E51 /* IGTiledViewAppDelegate.m */ = {isa = PBXFileReference; fileEncoding = 4; lastKnownFileType = sourcecode.c.objc; path = IGTiledViewAppDelegate.m; sourceTree = "<group>"; };
		1D6058910D05DD3D006BFB54 /* IGTiledView.app */ = {isa = PBXFileReference; explicitFileType = wrapper.application; includeInIndex = 0; path = IGTiledView.app; sourceTree = BUILT_PRODUCTS_DIR; };
		1DF5F4DF0D08C38300B7A737 /* UIKit.framework */ = {isa = PBXFileReference; lastKnownFileType = wrapper.framework; name = UIKit.framework; path = System/Library/Frameworks/UIKit.framework; sourceTree = SDKROOT; };
		288765FC0DF74451002DB57D /* CoreGraphics.framework */ = {isa = PBXFileReference; lastKnownFileType = wrapper.framework; name = CoreGraphics.framework; path = System/Library/Frameworks/CoreGraphics.framework; sourceTree = SDKROOT; };
		28AD733E0D9D9553002E5188 /* MainWindow.xib */ = {isa = PBXFileReference; lastKnownFileType = file.xib; path = MainWindow.xib; sourceTree = "<group>"; };
		29B97316FDCFA39411CA2CEA /* main.m */ = {isa = PBXFileReference; fileEncoding = 4; lastKnownFileType = sourcecode.c.objc; path = main.m; sourceTree = "<group>"; };
		32CA4F630368D1EE00C91783 /* IGTiledView_Prefix.pch */ = {isa = PBXFileReference; fileEncoding = 4; lastKnownFileType = sourcecode.c.h; path = IGTiledView_Prefix.pch; sourceTree = "<group>"; };
		4C31D4DF116FD971003CC870 /* DTGridView.h */ = {isa = PBXFileReference; fileEncoding = 4; lastKnownFileType = sourcecode.c.h; path = DTGridView.h; sourceTree = "<group>"; };
		4C31D4E0116FD971003CC870 /* DTGridView.m */ = {isa = PBXFileReference; fileEncoding = 4; lastKnownFileType = sourcecode.c.objc; path = DTGridView.m; sourceTree = "<group>"; };
		4C31D4E1116FD971003CC870 /* DTGridViewCell.h */ = {isa = PBXFileReference; fileEncoding = 4; lastKnownFileType = sourcecode.c.h; path = DTGridViewCell.h; sourceTree = "<group>"; };
		4C31D4E2116FD971003CC870 /* DTGridViewCell.m */ = {isa = PBXFileReference; fileEncoding = 4; lastKnownFileType = sourcecode.c.objc; path = DTGridViewCell.m; sourceTree = "<group>"; };
		4C31D4E3116FD971003CC870 /* DTGridViewCellInfoProtocol.h */ = {isa = PBXFileReference; fileEncoding = 4; lastKnownFileType = sourcecode.c.h; path = DTGridViewCellInfoProtocol.h; sourceTree = "<group>"; };
		4C31D4E4116FD971003CC870 /* DTGridViewController.h */ = {isa = PBXFileReference; fileEncoding = 4; lastKnownFileType = sourcecode.c.h; path = DTGridViewController.h; sourceTree = "<group>"; };
		4C31D4E5116FD971003CC870 /* DTGridViewController.m */ = {isa = PBXFileReference; fileEncoding = 4; lastKnownFileType = sourcecode.c.objc; path = DTGridViewController.m; sourceTree = "<group>"; };
		4C31D4EB116FD9DB003CC870 /* ExampleViewController.h */ = {isa = PBXFileReference; fileEncoding = 4; lastKnownFileType = sourcecode.c.h; path = ExampleViewController.h; sourceTree = "<group>"; };
		4C31D4EC116FD9DB003CC870 /* ExampleViewController.m */ = {isa = PBXFileReference; fileEncoding = 4; lastKnownFileType = sourcecode.c.objc; path = ExampleViewController.m; sourceTree = "<group>"; };
		4C31D53E116FE670003CC870 /* DTGridViewCellInfo.h */ = {isa = PBXFileReference; fileEncoding = 4; lastKnownFileType = sourcecode.c.h; path = DTGridViewCellInfo.h; sourceTree = "<group>"; };
		4C31D53F116FE670003CC870 /* DTGridViewCellInfo.m */ = {isa = PBXFileReference; fileEncoding = 4; lastKnownFileType = sourcecode.c.objc; path = DTGridViewCellInfo.m; sourceTree = "<group>"; };
		4C31D585116FED25003CC870 /* IGTiledViewController.h */ = {isa = PBXFileReference; fileEncoding = 4; lastKnownFileType = sourcecode.c.h; path = IGTiledViewController.h; sourceTree = "<group>"; };
		4C31D586116FED25003CC870 /* IGTiledViewController.m */ = {isa = PBXFileReference; fileEncoding = 4; lastKnownFileType = sourcecode.c.objc; path = IGTiledViewController.m; sourceTree = "<group>"; };
		4C31D58C116FED6E003CC870 /* IGTiledView.h */ = {isa = PBXFileReference; fileEncoding = 4; lastKnownFileType = sourcecode.c.h; path = IGTiledView.h; sourceTree = "<group>"; };
		4C31D58D116FED6E003CC870 /* IGTiledView.m */ = {isa = PBXFileReference; fileEncoding = 4; lastKnownFileType = sourcecode.c.objc; path = IGTiledView.m; sourceTree = "<group>"; };
		4C31D5E6116FF5AC003CC870 /* IGTile.h */ = {isa = PBXFileReference; fileEncoding = 4; lastKnownFileType = sourcecode.c.h; path = IGTile.h; sourceTree = "<group>"; };
		4C31D5E7116FF5AC003CC870 /* IGTile.m */ = {isa = PBXFileReference; fileEncoding = 4; lastKnownFileType = sourcecode.c.objc; path = IGTile.m; sourceTree = "<group>"; };
		4C8226591176A30E0078A3F1 /* QuartzCore.framework */ = {isa = PBXFileReference; lastKnownFileType = wrapper.framework; name = QuartzCore.framework; path = System/Library/Frameworks/QuartzCore.framework; sourceTree = SDKROOT; };
		8D1107310486CEB800E47090 /* IGTiledView-Info.plist */ = {isa = PBXFileReference; fileEncoding = 4; lastKnownFileType = text.plist.xml; path = "IGTiledView-Info.plist"; plistStructureDefinitionIdentifier = "com.apple.xcode.plist.structure-definition.iphone.info-plist"; sourceTree = "<group>"; };
/* End PBXFileReference section */

/* Begin PBXFrameworksBuildPhase section */
		1D60588F0D05DD3D006BFB54 /* Frameworks */ = {
			isa = PBXFrameworksBuildPhase;
			buildActionMask = 2147483647;
			files = (
				1D60589F0D05DD5A006BFB54 /* Foundation.framework in Frameworks */,
				1DF5F4E00D08C38300B7A737 /* UIKit.framework in Frameworks */,
				288765FD0DF74451002DB57D /* CoreGraphics.framework in Frameworks */,
				4C82265A1176A30E0078A3F1 /* QuartzCore.framework in Frameworks */,
			);
			runOnlyForDeploymentPostprocessing = 0;
		};
/* End PBXFrameworksBuildPhase section */

/* Begin PBXGroup section */
		080E96DDFE201D6D7F000001 /* Classes */ = {
			isa = PBXGroup;
			children = (
				1D3623240D0F684500981E51 /* IGTiledViewAppDelegate.h */,
				1D3623250D0F684500981E51 /* IGTiledViewAppDelegate.m */,
			);
			path = Classes;
			sourceTree = "<group>";
		};
		19C28FACFE9D520D11CA2CBB /* Products */ = {
			isa = PBXGroup;
			children = (
				1D6058910D05DD3D006BFB54 /* IGTiledView.app */,
			);
			name = Products;
			sourceTree = "<group>";
		};
		29B97314FDCFA39411CA2CEA /* CustomTemplate */ = {
			isa = PBXGroup;
			children = (
				4C31D585116FED25003CC870 /* IGTiledViewController.h */,
				4C31D586116FED25003CC870 /* IGTiledViewController.m */,
				4C31D584116FED12003CC870 /* IGTiledView */,
				4C31D4EB116FD9DB003CC870 /* ExampleViewController.h */,
				4C31D4EC116FD9DB003CC870 /* ExampleViewController.m */,
				4C31D4DA116FD94D003CC870 /* DTGridView */,
				4C31D4DB116FD955003CC870 /* Misc. */,
			);
			name = CustomTemplate;
			sourceTree = "<group>";
		};
		29B97315FDCFA39411CA2CEA /* Other Sources */ = {
			isa = PBXGroup;
			children = (
				32CA4F630368D1EE00C91783 /* IGTiledView_Prefix.pch */,
				29B97316FDCFA39411CA2CEA /* main.m */,
			);
			name = "Other Sources";
			sourceTree = "<group>";
		};
		29B97317FDCFA39411CA2CEA /* Resources */ = {
			isa = PBXGroup;
			children = (
				28AD733E0D9D9553002E5188 /* MainWindow.xib */,
				8D1107310486CEB800E47090 /* IGTiledView-Info.plist */,
			);
			name = Resources;
			sourceTree = "<group>";
		};
		29B97323FDCFA39411CA2CEA /* Frameworks */ = {
			isa = PBXGroup;
			children = (
				1DF5F4DF0D08C38300B7A737 /* UIKit.framework */,
				1D30AB110D05D00D00671497 /* Foundation.framework */,
				288765FC0DF74451002DB57D /* CoreGraphics.framework */,
				4C8226591176A30E0078A3F1 /* QuartzCore.framework */,
			);
			name = Frameworks;
			sourceTree = "<group>";
		};
		4C31D4DA116FD94D003CC870 /* DTGridView */ = {
			isa = PBXGroup;
			children = (
				4C31D4DF116FD971003CC870 /* DTGridView.h */,
				4C31D4E0116FD971003CC870 /* DTGridView.m */,
				4C31D4E1116FD971003CC870 /* DTGridViewCell.h */,
				4C31D4E2116FD971003CC870 /* DTGridViewCell.m */,
				4C31D4E4116FD971003CC870 /* DTGridViewController.h */,
				4C31D4E5116FD971003CC870 /* DTGridViewController.m */,
				4C31D4E3116FD971003CC870 /* DTGridViewCellInfoProtocol.h */,
				4C31D53E116FE670003CC870 /* DTGridViewCellInfo.h */,
				4C31D53F116FE670003CC870 /* DTGridViewCellInfo.m */,
			);
			name = DTGridView;
			sourceTree = "<group>";
		};
		4C31D4DB116FD955003CC870 /* Misc. */ = {
			isa = PBXGroup;
			children = (
				080E96DDFE201D6D7F000001 /* Classes */,
				29B97315FDCFA39411CA2CEA /* Other Sources */,
				29B97317FDCFA39411CA2CEA /* Resources */,
				29B97323FDCFA39411CA2CEA /* Frameworks */,
				19C28FACFE9D520D11CA2CBB /* Products */,
			);
			name = Misc.;
			sourceTree = "<group>";
		};
		4C31D584116FED12003CC870 /* IGTiledView */ = {
			isa = PBXGroup;
			children = (
				4C31D58C116FED6E003CC870 /* IGTiledView.h */,
				4C31D58D116FED6E003CC870 /* IGTiledView.m */,
				4C31D5E6116FF5AC003CC870 /* IGTile.h */,
				4C31D5E7116FF5AC003CC870 /* IGTile.m */,
			);
			name = IGTiledView;
			sourceTree = "<group>";
		};
/* End PBXGroup section */

/* Begin PBXNativeTarget section */
		1D6058900D05DD3D006BFB54 /* IGTiledView */ = {
			isa = PBXNativeTarget;
			buildConfigurationList = 1D6058960D05DD3E006BFB54 /* Build configuration list for PBXNativeTarget "IGTiledView" */;
			buildPhases = (
				1D60588D0D05DD3D006BFB54 /* Resources */,
				1D60588E0D05DD3D006BFB54 /* Sources */,
				1D60588F0D05DD3D006BFB54 /* Frameworks */,
			);
			buildRules = (
			);
			dependencies = (
			);
			name = IGTiledView;
			productName = IGTiledView;
			productReference = 1D6058910D05DD3D006BFB54 /* IGTiledView.app */;
			productType = "com.apple.product-type.application";
		};
/* End PBXNativeTarget section */

/* Begin PBXProject section */
		29B97313FDCFA39411CA2CEA /* Project object */ = {
			isa = PBXProject;
			buildConfigurationList = C01FCF4E08A954540054247B /* Build configuration list for PBXProject "IGTiledView" */;
			compatibilityVersion = "Xcode 3.1";
			hasScannedForEncodings = 1;
			mainGroup = 29B97314FDCFA39411CA2CEA /* CustomTemplate */;
			projectDirPath = "";
			projectRoot = "";
			targets = (
				1D6058900D05DD3D006BFB54 /* IGTiledView */,
			);
		};
/* End PBXProject section */

/* Begin PBXResourcesBuildPhase section */
		1D60588D0D05DD3D006BFB54 /* Resources */ = {
			isa = PBXResourcesBuildPhase;
			buildActionMask = 2147483647;
			files = (
				28AD733F0D9D9553002E5188 /* MainWindow.xib in Resources */,
			);
			runOnlyForDeploymentPostprocessing = 0;
		};
/* End PBXResourcesBuildPhase section */

/* Begin PBXSourcesBuildPhase section */
		1D60588E0D05DD3D006BFB54 /* Sources */ = {
			isa = PBXSourcesBuildPhase;
			buildActionMask = 2147483647;
			files = (
				1D60589B0D05DD56006BFB54 /* main.m in Sources */,
				1D3623260D0F684500981E51 /* IGTiledViewAppDelegate.m in Sources */,
				4C31D4E6116FD971003CC870 /* DTGridView.m in Sources */,
				4C31D4E7116FD971003CC870 /* DTGridViewCell.m in Sources */,
				4C31D4E8116FD971003CC870 /* DTGridViewController.m in Sources */,
				4C31D4ED116FD9DB003CC870 /* ExampleViewController.m in Sources */,
				4C31D540116FE670003CC870 /* DTGridViewCellInfo.m in Sources */,
				4C31D587116FED25003CC870 /* IGTiledViewController.m in Sources */,
				4C31D58E116FED6E003CC870 /* IGTiledView.m in Sources */,
				4C31D5E8116FF5AC003CC870 /* IGTile.m in Sources */,
			);
			runOnlyForDeploymentPostprocessing = 0;
		};
/* End PBXSourcesBuildPhase section */

/* Begin XCBuildConfiguration section */
		1D6058940D05DD3E006BFB54 /* Debug */ = {
			isa = XCBuildConfiguration;
			buildSettings = {
				ALWAYS_SEARCH_USER_PATHS = NO;
				"ARCHS[sdk=iphoneos*]" = "$(ARCHS_UNIVERSAL_IPHONE_OS)";
				COPY_PHASE_STRIP = NO;
				GCC_DYNAMIC_NO_PIC = NO;
				GCC_OPTIMIZATION_LEVEL = 0;
				GCC_PRECOMPILE_PREFIX_HEADER = YES;
				GCC_PREFIX_HEADER = IGTiledView_Prefix.pch;
				INFOPLIST_FILE = "IGTiledView-Info.plist";
				IPHONEOS_DEPLOYMENT_TARGET = 3.1.3;
				PRODUCT_NAME = IGTiledView;
			};
			name = Debug;
		};
		1D6058950D05DD3E006BFB54 /* Release */ = {
			isa = XCBuildConfiguration;
			buildSettings = {
				ALWAYS_SEARCH_USER_PATHS = NO;
				COPY_PHASE_STRIP = YES;
				GCC_PRECOMPILE_PREFIX_HEADER = YES;
				GCC_PREFIX_HEADER = IGTiledView_Prefix.pch;
				INFOPLIST_FILE = "IGTiledView-Info.plist";
				IPHONEOS_DEPLOYMENT_TARGET = 3.1.3;
				PRODUCT_NAME = IGTiledView;
				SDKROOT = iphoneos3.1.3;
				VALIDATE_PRODUCT = YES;
			};
			name = Release;
		};
		C01FCF4F08A954540054247B /* Debug */ = {
			isa = XCBuildConfiguration;
			buildSettings = {
				"ARCHS[sdk=iphoneos*]" = armv7;
				"ARCHS[sdk=iphonesimulator*]" = i386;
				"CODE_SIGN_IDENTITY[sdk=iphoneos*]" = "iPhone Developer";
				GCC_C_LANGUAGE_STANDARD = c99;
				GCC_WARN_ABOUT_RETURN_TYPE = YES;
				GCC_WARN_UNUSED_VARIABLE = YES;
				PREBINDING = NO;
				SDKROOT = iphoneos3.2;
				TARGETED_DEVICE_FAMILY = 2;
			};
			name = Debug;
		};
		C01FCF5008A954540054247B /* Release */ = {
			isa = XCBuildConfiguration;
			buildSettings = {
				"ARCHS[sdk=iphoneos*]" = armv7;
				"ARCHS[sdk=iphonesimulator*]" = i386;
				"CODE_SIGN_IDENTITY[sdk=iphoneos*]" = "iPhone Developer";
				GCC_C_LANGUAGE_STANDARD = c99;
				GCC_WARN_ABOUT_RETURN_TYPE = YES;
				GCC_WARN_UNUSED_VARIABLE = YES;
				OTHER_CFLAGS = "-DNS_BLOCK_ASSERTIONS=1";
				PREBINDING = NO;
				SDKROOT = iphoneos3.2;
				TARGETED_DEVICE_FAMILY = 2;
			};
			name = Release;
		};
/* End XCBuildConfiguration section */

/* Begin XCConfigurationList section */
		1D6058960D05DD3E006BFB54 /* Build configuration list for PBXNativeTarget "IGTiledView" */ = {
			isa = XCConfigurationList;
			buildConfigurations = (
				1D6058940D05DD3E006BFB54 /* Debug */,
				1D6058950D05DD3E006BFB54 /* Release */,
			);
			defaultConfigurationIsVisible = 0;
			defaultConfigurationName = Release;
		};
		C01FCF4E08A954540054247B /* Build configuration list for PBXProject "IGTiledView" */ = {
			isa = XCConfigurationList;
			buildConfigurations = (
				C01FCF4F08A954540054247B /* Debug */,
				C01FCF5008A954540054247B /* Release */,
			);
			defaultConfigurationIsVisible = 0;
			defaultConfigurationName = Release;
		};
/* End XCConfigurationList section */
	};
	rootObject = 29B97313FDCFA39411CA2CEA /* Project object */;
}
